
Microsoft Visual Studio Solution File, Format Version 12.00
# Visual Studio 15
VisualStudioVersion = 15.0.27703.2035
MinimumVisualStudioVersion = 10.0.40219.1
Project("{151D2E53-A2C4-4D7D-83FE-D05416EBD58E}") = "Simplot", "Simplot\Simplot.deployproj", "{FBB1D9DD-E044-4457-A0E8-65827876E8D3}"
EndProject
Project("{151D2E53-A2C4-4D7D-83FE-D05416EBD58E}") = "CoreNetwork", "CoreNetwork\CoreNetwork.deployproj", "{FC285C71-ACC5-40FF-AF24-6BA6C8970D89}"
EndProject
Project("{151D2E53-A2C4-4D7D-83FE-D05416EBD58E}") = "LinuxVM", "LinuxVM\LinuxVM.deployproj", "{4415744B-AD9F-48C9-9BA1-EEC071AA0ECC}"
EndProject
Project("{151D2E53-A2C4-4D7D-83FE-D05416EBD58E}") = "SAPVMwIP", "SAPVM\SAPVMwIP.deployproj", "{D49DA297-A475-4459-BEAD-31E907AB9DC2}"
EndProject
Global
	GlobalSection(SolutionConfigurationPlatforms) = preSolution
		Debug|Any CPU = Debug|Any CPU
		Release|Any CPU = Release|Any CPU
	EndGlobalSection
	GlobalSection(ProjectConfigurationPlatforms) = postSolution
		{FBB1D9DD-E044-4457-A0E8-65827876E8D3}.Debug|Any CPU.ActiveCfg = Debug|Any CPU
		{FBB1D9DD-E044-4457-A0E8-65827876E8D3}.Debug|Any CPU.Build.0 = Debug|Any CPU
		{FBB1D9DD-E044-4457-A0E8-65827876E8D3}.Release|Any CPU.ActiveCfg = Release|Any CPU
		{FBB1D9DD-E044-4457-A0E8-65827876E8D3}.Release|Any CPU.Build.0 = Release|Any CPU
		{FC285C71-ACC5-40FF-AF24-6BA6C8970D89}.Debug|Any CPU.ActiveCfg = Debug|Any CPU
		{FC285C71-ACC5-40FF-AF24-6BA6C8970D89}.Debug|Any CPU.Build.0 = Debug|Any CPU
		{FC285C71-ACC5-40FF-AF24-6BA6C8970D89}.Release|Any CPU.ActiveCfg = Release|Any CPU
		{FC285C71-ACC5-40FF-AF24-6BA6C8970D89}.Release|Any CPU.Build.0 = Release|Any CPU
		{4415744B-AD9F-48C9-9BA1-EEC071AA0ECC}.Debug|Any CPU.ActiveCfg = Debug|Any CPU
		{4415744B-AD9F-48C9-9BA1-EEC071AA0ECC}.Debug|Any CPU.Build.0 = Debug|Any CPU
		{4415744B-AD9F-48C9-9BA1-EEC071AA0ECC}.Release|Any CPU.ActiveCfg = Release|Any CPU
		{4415744B-AD9F-48C9-9BA1-EEC071AA0ECC}.Release|Any CPU.Build.0 = Release|Any CPU
		{D49DA297-A475-4459-BEAD-31E907AB9DC2}.Debug|Any CPU.ActiveCfg = Debug|Any CPU
		{D49DA297-A475-4459-BEAD-31E907AB9DC2}.Debug|Any CPU.Build.0 = Debug|Any CPU
		{D49DA297-A475-4459-BEAD-31E907AB9DC2}.Release|Any CPU.ActiveCfg = Release|Any CPU
		{D49DA297-A475-4459-BEAD-31E907AB9DC2}.Release|Any CPU.Build.0 = Release|Any CPU
	EndGlobalSection
	GlobalSection(SolutionProperties) = preSolution
		HideSolutionNode = FALSE
	EndGlobalSection
	GlobalSection(ExtensibilityGlobals) = postSolution
		SolutionGuid = {AB221B36-D376-44D6-8AC8-6DA3AE583341}
	EndGlobalSection
EndGlobal
